{
  "name": "khmer-linkage",
  "version": "1.0.0",
  "lockfileVersion": 3,
  "requires": true,
  "packages": {
    "": {
      "name": "khmer-linkage",
      "version": "1.0.0",
      "dependencies": {
        "damerau-levenshtein": "^1.0.5",
        "fast-levenshtein": "^2.0.6",
        "jaro-winkler": "^0.2.8",
        "khmer-normalizer": "^1.0.0"
      }
    },
    "node_modules/damerau-levenshtein": {
      "version": "1.0.8",
      "resolved": "https://registry.npmjs.org/damerau-levenshtein/-/damerau-levenshtein-1.0.8.tgz",
      "integrity": "sha512-sdQSFB7+llfUcQHUQO3+B8ERRj0Oa4w9POWMI/puGtuf7gFywGmkaLCElnudfTiKZV+NvHqL0ifzdrI8Ro7ESA==",
      "license": "BSD-2-Clause"
    },
    "node_modules/fast-levenshtein": {
      "version": "2.0.6",
      "resolved": "https://registry.npmjs.org/fast-levenshtein/-/fast-levenshtein-2.0.6.tgz",
      "integrity": "sha512-DCXu6Ifhqcks7TZKY3Hxp3y6qphY5SJZmrWMDrKcERSOXWQdMhU9Ig/PYrzyw/ul9jOIyh0N4M0tbC5hodg8dw==",
      "license": "MIT"
    },
    "node_modules/jaro-winkler": {
      "version": "0.2.8",
      "resolved": "https://registry.npmjs.org/jaro-winkler/-/jaro-winkler-0.2.8.tgz",
      "integrity": "sha512-yr+mElb6dWxA1mzFu0+26njV5DWAQRNTi5pB6fFMm79zHrfAs3d0qjhe/IpZI4AHIUJkzvu5QXQRWOw2O0GQyw==",
      "license": "MIT"
    },
    "node_modules/khmer-normalizer": {
      "version": "1.0.2",
      "resolved": "https://registry.npmjs.org/khmer-normalizer/-/khmer-normalizer-1.0.2.tgz",
      "integrity": "sha512-E4wZdl5ReDqbxCl21LXb+hqEu1qnPORZvrEk6v/mEs9SjtcgiygA30IyQ+JiRdvVSh4Kgaq5IdEUb9IwE4Sqog==",
      "license": "MIT",
      "bin": {
        "khnormal": "build/src/cmdline.js"
      }
    }
  }
}
